
Microsoft Visual Studio Solution File, Format Version 12.00
# Visual Studio 15
VisualStudioVersion = 15.0.28307.757
MinimumVisualStudioVersion = 10.0.40219.1
Project("{2150E333-8FDC-42A3-9474-1A3956D46DE8}") = "Solution Items", "Solution Items", "{70D755BA-B372-41A6-81CA-0D02350D336F}"
EndProject
Project("{8BC9CEB8-8B4A-11D0-8D11-00A0C91BC942}") = "Task1", "Task1\Task1.vcxproj", "{0B300DE9-62B5-453E-A276-3B615EA78E02}"
EndProject
Project("{8BC9CEB8-8B4A-11D0-8D11-00A0C91BC942}") = "Task2", "Task2\Task2.vcxproj", "{63821608-72A9-4E00-ABBD-823F0F0D5FBC}"
EndProject
Project("{8BC9CEB8-8B4A-11D0-8D11-00A0C91BC942}") = "Task3", "Task3\Task3.vcxproj", "{FB85750F-DB7E-4942-B19D-477A67387F79}"
EndProject
Project("{8BC9CEB8-8B4A-11D0-8D11-00A0C91BC942}") = "Task4", "Task4\Task4.vcxproj", "{F802999C-0CDA-4BB2-B9F2-EF1765FAE6B9}"
EndProject
Global
	GlobalSection(SolutionConfigurationPlatforms) = preSolution
		Debug|x64 = Debug|x64
		Debug|x86 = Debug|x86
		Release|x64 = Release|x64
		Release|x86 = Release|x86
	EndGlobalSection
	GlobalSection(ProjectConfigurationPlatforms) = postSolution
		{0B300DE9-62B5-453E-A276-3B615EA78E02}.Debug|x64.ActiveCfg = Debug|x64
		{0B300DE9-62B5-453E-A276-3B615EA78E02}.Debug|x64.Build.0 = Debug|x64
		{0B300DE9-62B5-453E-A276-3B615EA78E02}.Debug|x86.ActiveCfg = Debug|Win32
		{0B300DE9-62B5-453E-A276-3B615EA78E02}.Debug|x86.Build.0 = Debug|Win32
		{0B300DE9-62B5-453E-A276-3B615EA78E02}.Release|x64.ActiveCfg = Release|x64
		{0B300DE9-62B5-453E-A276-3B615EA78E02}.Release|x64.Build.0 = Release|x64
		{0B300DE9-62B5-453E-A276-3B615EA78E02}.Release|x86.ActiveCfg = Release|Win32
		{0B300DE9-62B5-453E-A276-3B615EA78E02}.Release|x86.Build.0 = Release|Win32
		{63821608-72A9-4E00-ABBD-823F0F0D5FBC}.Debug|x64.ActiveCfg = Debug|x64
		{63821608-72A9-4E00-ABBD-823F0F0D5FBC}.Debug|x64.Build.0 = Debug|x64
		{63821608-72A9-4E00-ABBD-823F0F0D5FBC}.Debug|x86.ActiveCfg = Debug|Win32
		{63821608-72A9-4E00-ABBD-823F0F0D5FBC}.Debug|x86.Build.0 = Debug|Win32
		{63821608-72A9-4E00-ABBD-823F0F0D5FBC}.Release|x64.ActiveCfg = Release|x64
		{63821608-72A9-4E00-ABBD-823F0F0D5FBC}.Release|x64.Build.0 = Release|x64
		{63821608-72A9-4E00-ABBD-823F0F0D5FBC}.Release|x86.ActiveCfg = Release|Win32
		{63821608-72A9-4E00-ABBD-823F0F0D5FBC}.Release|x86.Build.0 = Release|Win32
		{FB85750F-DB7E-4942-B19D-477A67387F79}.Debug|x64.ActiveCfg = Debug|x64
		{FB85750F-DB7E-4942-B19D-477A67387F79}.Debug|x64.Build.0 = Debug|x64
		{FB85750F-DB7E-4942-B19D-477A67387F79}.Debug|x86.ActiveCfg = Debug|Win32
		{FB85750F-DB7E-4942-B19D-477A67387F79}.Debug|x86.Build.0 = Debug|Win32
		{FB85750F-DB7E-4942-B19D-477A67387F79}.Release|x64.ActiveCfg = Release|x64
		{FB85750F-DB7E-4942-B19D-477A67387F79}.Release|x64.Build.0 = Release|x64
		{FB85750F-DB7E-4942-B19D-477A67387F79}.Release|x86.ActiveCfg = Release|Win32
		{FB85750F-DB7E-4942-B19D-477A67387F79}.Release|x86.Build.0 = Release|Win32
		{F802999C-0CDA-4BB2-B9F2-EF1765FAE6B9}.Debug|x64.ActiveCfg = Debug|x64
		{F802999C-0CDA-4BB2-B9F2-EF1765FAE6B9}.Debug|x64.Build.0 = Debug|x64
		{F802999C-0CDA-4BB2-B9F2-EF1765FAE6B9}.Debug|x86.ActiveCfg = Debug|Win32
		{F802999C-0CDA-4BB2-B9F2-EF1765FAE6B9}.Debug|x86.Build.0 = Debug|Win32
		{F802999C-0CDA-4BB2-B9F2-EF1765FAE6B9}.Release|x64.ActiveCfg = Release|x64
		{F802999C-0CDA-4BB2-B9F2-EF1765FAE6B9}.Release|x64.Build.0 = Release|x64
		{F802999C-0CDA-4BB2-B9F2-EF1765FAE6B9}.Release|x86.ActiveCfg = Release|Win32
		{F802999C-0CDA-4BB2-B9F2-EF1765FAE6B9}.Release|x86.Build.0 = Release|Win32
	EndGlobalSection
	GlobalSection(SolutionProperties) = preSolution
		HideSolutionNode = FALSE
	EndGlobalSection
	GlobalSection(ExtensibilityGlobals) = postSolution
		SolutionGuid = {DAD1C4CF-1B9F-4DB4-BC3D-D22C8E5A9C0A}
	EndGlobalSection
EndGlobal
